
Microsoft Visual Studio Solution File, Format Version 12.00
# Visual Studio 15
VisualStudioVersion = 15.0.28307.168
MinimumVisualStudioVersion = 10.0.40219.1
Project("{8BC9CEB8-8B4A-11D0-8D11-00A0C91BC942}") = "helloWorld", "helloWorld\helloWorld.vcxproj", "{514A3D10-3132-4B74-8472-A0D3EC38878A}"
EndProject
Global
	GlobalSection(SolutionConfigurationPlatforms) = preSolution
		Debug|x64 = Debug|x64
		Debug|x86 = Debug|x86
		Release|x64 = Release|x64
		Release|x86 = Release|x86
	EndGlobalSection
	GlobalSection(ProjectConfigurationPlatforms) = postSolution
		{514A3D10-3132-4B74-8472-A0D3EC38878A}.Debug|x64.ActiveCfg = Debug|x64
		{514A3D10-3132-4B74-8472-A0D3EC38878A}.Debug|x64.Build.0 = Debug|x64
		{514A3D10-3132-4B74-8472-A0D3EC38878A}.Debug|x86.ActiveCfg = Debug|x64
		{514A3D10-3132-4B74-8472-A0D3EC38878A}.Debug|x86.Build.0 = Debug|x64
		{514A3D10-3132-4B74-8472-A0D3EC38878A}.Release|x64.ActiveCfg = Release|x64
		{514A3D10-3132-4B74-8472-A0D3EC38878A}.Release|x64.Build.0 = Release|x64
		{514A3D10-3132-4B74-8472-A0D3EC38878A}.Release|x86.ActiveCfg = Release|Win32
		{514A3D10-3132-4B74-8472-A0D3EC38878A}.Release|x86.Build.0 = Release|Win32
	EndGlobalSection
	GlobalSection(SolutionProperties) = preSolution
		HideSolutionNode = FALSE
	EndGlobalSection
	GlobalSection(ExtensibilityGlobals) = postSolution
		SolutionGuid = {E79C138B-0DDA-492E-A7DE-046F136D053B}
	EndGlobalSection
EndGlobal
